
Microsoft Visual Studio Solution File, Format Version 12.00
# Visual Studio Version 16
VisualStudioVersion = 16.0.31112.23
MinimumVisualStudioVersion = 10.0.40219.1
Project("{FAE04EC0-301F-11D3-BF4B-00C04F79EFBC}") = "GameProject", "GameProject\GameProject.csproj", "{8B4B83C4-BE36-47FC-ACE4-4C231C34D2A8}"
EndProject
Global
	GlobalSection(SolutionConfigurationPlatforms) = preSolution
		Debug|Any CPU = Debug|Any CPU
		Release|Any CPU = Release|Any CPU
	EndGlobalSection
	GlobalSection(ProjectConfigurationPlatforms) = postSolution
		{8B4B83C4-BE36-47FC-ACE4-4C231C34D2A8}.Debug|Any CPU.ActiveCfg = Debug|Any CPU
		{8B4B83C4-BE36-47FC-ACE4-4C231C34D2A8}.Debug|Any CPU.Build.0 = Debug|Any CPU
		{8B4B83C4-BE36-47FC-ACE4-4C231C34D2A8}.Release|Any CPU.ActiveCfg = Release|Any CPU
		{8B4B83C4-BE36-47FC-ACE4-4C231C34D2A8}.Release|Any CPU.Build.0 = Release|Any CPU
	EndGlobalSection
	GlobalSection(SolutionProperties) = preSolution
		HideSolutionNode = FALSE
	EndGlobalSection
	GlobalSection(ExtensibilityGlobals) = postSolution
		SolutionGuid = {A9E3DC36-63F5-4328-9D59-B7390C141A03}
	EndGlobalSection
EndGlobal
